
Microsoft Visual Studio Solution File, Format Version 12.00
# Visual Studio Version 18
VisualStudioVersion = 18.4.11620.152 stable
MinimumVisualStudioVersion = 10.0.40219.1
Project("{FAE04EC0-301F-11D3-BF4B-00C04F79EFBC}") = "TestGit", "TestGit\TestGit.csproj", "{6DBB0773-7A75-4486-89D4-ECB9515CC887}"
EndProject
Global
	GlobalSection(SolutionConfigurationPlatforms) = preSolution
		Debug|Any CPU = Debug|Any CPU
		Release|Any CPU = Release|Any CPU
	EndGlobalSection
	GlobalSection(ProjectConfigurationPlatforms) = postSolution
		{6DBB0773-7A75-4486-89D4-ECB9515CC887}.Debug|Any CPU.ActiveCfg = Debug|Any CPU
		{6DBB0773-7A75-4486-89D4-ECB9515CC887}.Debug|Any CPU.Build.0 = Debug|Any CPU
		{6DBB0773-7A75-4486-89D4-ECB9515CC887}.Release|Any CPU.ActiveCfg = Release|Any CPU
		{6DBB0773-7A75-4486-89D4-ECB9515CC887}.Release|Any CPU.Build.0 = Release|Any CPU
	EndGlobalSection
	GlobalSection(SolutionProperties) = preSolution
		HideSolutionNode = FALSE
	EndGlobalSection
	GlobalSection(ExtensibilityGlobals) = postSolution
		SolutionGuid = {372F6131-D5F6-46A7-81AE-0869EDE3EF2B}
	EndGlobalSection
EndGlobal
